
Microsoft Visual Studio Solution File, Format Version 11.00
# Visual Studio 2010
Project("{FAE04EC0-301F-11D3-BF4B-00C04F79EFBC}") = "Assembly-CSharp", "Assembly-CSharp.csproj", "{01BE4D8E-BDA5-8EF0-62B6-F911F08CD4CA}"
EndProject
Project("{FAE04EC0-301F-11D3-BF4B-00C04F79EFBC}") = "Assembly-CSharp-Editor", "Assembly-CSharp-Editor.csproj", "{8138102C-739B-1AED-88AD-1E3C981F926A}"
EndProject
Global
	GlobalSection(SolutionConfigurationPlatforms) = preSolution
		Debug|Any CPU = Debug|Any CPU
		Release|Any CPU = Release|Any CPU
	EndGlobalSection
	GlobalSection(ProjectConfigurationPlatforms) = postSolution
		{01BE4D8E-BDA5-8EF0-62B6-F911F08CD4CA}.Debug|Any CPU.ActiveCfg = Debug|Any CPU
		{01BE4D8E-BDA5-8EF0-62B6-F911F08CD4CA}.Debug|Any CPU.Build.0 = Debug|Any CPU
		{01BE4D8E-BDA5-8EF0-62B6-F911F08CD4CA}.Release|Any CPU.ActiveCfg = Release|Any CPU
		{01BE4D8E-BDA5-8EF0-62B6-F911F08CD4CA}.Release|Any CPU.Build.0 = Release|Any CPU
		{8138102C-739B-1AED-88AD-1E3C981F926A}.Debug|Any CPU.ActiveCfg = Debug|Any CPU
		{8138102C-739B-1AED-88AD-1E3C981F926A}.Debug|Any CPU.Build.0 = Debug|Any CPU
		{8138102C-739B-1AED-88AD-1E3C981F926A}.Release|Any CPU.ActiveCfg = Release|Any CPU
		{8138102C-739B-1AED-88AD-1E3C981F926A}.Release|Any CPU.Build.0 = Release|Any CPU
	EndGlobalSection
	GlobalSection(SolutionProperties) = preSolution
		HideSolutionNode = FALSE
	EndGlobalSection
EndGlobal
